
Microsoft Visual Studio Solution File, Format Version 12.00
# Visual Studio Version 17
VisualStudioVersion = 17.9.34728.123
MinimumVisualStudioVersion = 10.0.40219.1
Project("{FAE04EC0-301F-11D3-BF4B-00C04F79EFBC}") = "TestApi", "TestApi\TestApi.csproj", "{B92E2C81-96B9-4A83-BED5-57432343B99D}"
EndProject
Global
	GlobalSection(SolutionConfigurationPlatforms) = preSolution
		Debug|Any CPU = Debug|Any CPU
		Release|Any CPU = Release|Any CPU
	EndGlobalSection
	GlobalSection(ProjectConfigurationPlatforms) = postSolution
		{B92E2C81-96B9-4A83-BED5-57432343B99D}.Debug|Any CPU.ActiveCfg = Debug|Any CPU
		{B92E2C81-96B9-4A83-BED5-57432343B99D}.Debug|Any CPU.Build.0 = Debug|Any CPU
		{B92E2C81-96B9-4A83-BED5-57432343B99D}.Release|Any CPU.ActiveCfg = Release|Any CPU
		{B92E2C81-96B9-4A83-BED5-57432343B99D}.Release|Any CPU.Build.0 = Release|Any CPU
	EndGlobalSection
	GlobalSection(SolutionProperties) = preSolution
		HideSolutionNode = FALSE
	EndGlobalSection
	GlobalSection(ExtensibilityGlobals) = postSolution
		SolutionGuid = {0C727398-9306-43F5-A172-B7DD3349E932}
	EndGlobalSection
EndGlobal
